
Microsoft Visual Studio Solution File, Format Version 12.00
# Visual Studio Version 16
VisualStudioVersion = 16.0.30621.155
MinimumVisualStudioVersion = 10.0.40219.1
Project("{FAE04EC0-301F-11D3-BF4B-00C04F79EFBC}") = "MobiclipDecoder", "MobiclipDecoder\MobiclipDecoder.csproj", "{939182F4-A218-4A4F-A2CE-C831DA71976E}"
EndProject
Project("{FAE04EC0-301F-11D3-BF4B-00C04F79EFBC}") = "LibMobiclip", "LibMobiclip\LibMobiclip.csproj", "{1E3F999D-09FA-40AB-9D1C-08F50D33B147}"
EndProject
Project("{FAE04EC0-301F-11D3-BF4B-00C04F79EFBC}") = "MobiConverter", "MobiConverter\MobiConverter.csproj", "{79102641-C3B3-4E6B-A16E-1B667A324FF1}"
EndProject
Global
	GlobalSection(SolutionConfigurationPlatforms) = preSolution
		Debug|Any CPU = Debug|Any CPU
		Release|Any CPU = Release|Any CPU
	EndGlobalSection
	GlobalSection(ProjectConfigurationPlatforms) = postSolution
		{939182F4-A218-4A4F-A2CE-C831DA71976E}.Debug|Any CPU.ActiveCfg = Debug|Any CPU
		{939182F4-A218-4A4F-A2CE-C831DA71976E}.Release|Any CPU.ActiveCfg = Release|Any CPU
		{1E3F999D-09FA-40AB-9D1C-08F50D33B147}.Debug|Any CPU.ActiveCfg = Debug|Any CPU
		{1E3F999D-09FA-40AB-9D1C-08F50D33B147}.Debug|Any CPU.Build.0 = Debug|Any CPU
		{1E3F999D-09FA-40AB-9D1C-08F50D33B147}.Release|Any CPU.ActiveCfg = Release|Any CPU
		{1E3F999D-09FA-40AB-9D1C-08F50D33B147}.Release|Any CPU.Build.0 = Release|Any CPU
		{79102641-C3B3-4E6B-A16E-1B667A324FF1}.Debug|Any CPU.ActiveCfg = Debug|Any CPU
		{79102641-C3B3-4E6B-A16E-1B667A324FF1}.Release|Any CPU.ActiveCfg = Release|Any CPU
	EndGlobalSection
	GlobalSection(SolutionProperties) = preSolution
		HideSolutionNode = FALSE
	EndGlobalSection
	GlobalSection(ExtensibilityGlobals) = postSolution
		SolutionGuid = {CC97F61C-67E9-474D-8ED8-A8B4ACAEB8E2}
	EndGlobalSection
EndGlobal
